// !$*UTF8*$!
{
	archiveVersion = 1;
	classes = {
	};
	objectVersion = 46;
	objects = {

/* Begin PBXBuildFile section */
		17142FE21745DC3700118FA2 /* BasicApp.mm in Sources */ = {isa = PBXBuildFile; fileRef = 17142FE01745DC3700118FA2 /* BasicApp.mm */; };
		17204E14175356A600487AC2 /* ApolloUIView.mm in Sources */ = {isa = PBXBuildFile; fileRef = 17204E13175356A500487AC2 /* ApolloUIView.mm */; };
		174065A11745D32500BD877A /* UIKit.framework in Frameworks */ = {isa = PBXBuildFile; fileRef = 174065A01745D32500BD877A /* UIKit.framework */; };
		174065A31745D32500BD877A /* Foundation.framework in Frameworks */ = {isa = PBXBuildFile; fileRef = 174065A21745D32500BD877A /* Foundation.framework */; };
		174065A51745D32500BD877A /* CoreGraphics.framework in Frameworks */ = {isa = PBXBuildFile; fileRef = 174065A41745D32500BD877A /* CoreGraphics.framework */; };
		174065AB1745D32500BD877A /* InfoPlist.strings in Resources */ = {isa = PBXBuildFile; fileRef = 174065A91745D32500BD877A /* InfoPlist.strings */; };
		174065AD1745D32500BD877A /* main.m in Sources */ = {isa = PBXBuildFile; fileRef = 174065AC1745D32500BD877A /* main.m */; };
		174065B11745D32500BD877A /* AppDelegate.m in Sources */ = {isa = PBXBuildFile; fileRef = 174065B01745D32500BD877A /* AppDelegate.m */; };
		174065B31745D32500BD877A /* Default.png in Resources */ = {isa = PBXBuildFile; fileRef = 174065B21745D32500BD877A /* Default.png */; };
		174065B51745D32500BD877A /* Default@2x.png in Resources */ = {isa = PBXBuildFile; fileRef = 174065B41745D32500BD877A /* Default@2x.png */; };
		174065B71745D32500BD877A /* Default-568h@2x.png in Resources */ = {isa = PBXBuildFile; fileRef = 174065B61745D32500BD877A /* Default-568h@2x.png */; };
		174065BA1745D32500BD877A /* ViewController.mm in Sources */ = {isa = PBXBuildFile; fileRef = 174065B91745D32500BD877A /* ViewController.mm */; };
		174065BD1745D32500BD877A /* ViewController_iPhone.xib in Resources */ = {isa = PBXBuildFile; fileRef = 174065BB1745D32500BD877A /* ViewController_iPhone.xib */; };
		174065C01745D32500BD877A /* ViewController_iPad.xib in Resources */ = {isa = PBXBuildFile; fileRef = 174065BE1745D32500BD877A /* ViewController_iPad.xib */; };
		3B034E4D17935D7A00922F18 /* OpenGLES.framework in Frameworks */ = {isa = PBXBuildFile; fileRef = 3B034E4C17935D7A00922F18 /* OpenGLES.framework */; };
		3B034E4F17935D8600922F18 /* GLKit.framework in Frameworks */ = {isa = PBXBuildFile; fileRef = 3B034E4E17935D8600922F18 /* GLKit.framework */; };
		3BA1874517938B6200CD4A66 /* ApolloTween.mm in Sources */ = {isa = PBXBuildFile; fileRef = 3BA186C617938B6200CD4A66 /* ApolloTween.mm */; };
		3BA1874617938B6200CD4A66 /* ApolloTweenController.mm in Sources */ = {isa = PBXBuildFile; fileRef = 3BA186C817938B6200CD4A66 /* ApolloTweenController.mm */; };
		3BA1874717938B6200CD4A66 /* ApolloApp.cpp in Sources */ = {isa = PBXBuildFile; fileRef = 3BA186CB17938B6200CD4A66 /* ApolloApp.cpp */; };
		3BA1874817938B6200CD4A66 /* ApolloCocosApp.cpp in Sources */ = {isa = PBXBuildFile; fileRef = 3BA186CD17938B6200CD4A66 /* ApolloCocosApp.cpp */; };
		3BA1874917938B6200CD4A66 /* ApolloMask.cpp in Sources */ = {isa = PBXBuildFile; fileRef = 3BA186D017938B6200CD4A66 /* ApolloMask.cpp */; };
		3BA1874A17938B6200CD4A66 /* ApolloEvent.cpp in Sources */ = {isa = PBXBuildFile; fileRef = 3BA186D817938B6200CD4A66 /* ApolloEvent.cpp */; };
		3BA1874B17938B6200CD4A66 /* ApolloEventDispatcher.cpp in Sources */ = {isa = PBXBuildFile; fileRef = 3BA186DA17938B6200CD4A66 /* ApolloEventDispatcher.cpp */; };
		3BA1874C17938B6200CD4A66 /* ApolloVec.cpp in Sources */ = {isa = PBXBuildFile; fileRef = 3BA186DE17938B6200CD4A66 /* ApolloVec.cpp */; };
		3BA1874D17938B6200CD4A66 /* ApolloFBO.cpp in Sources */ = {isa = PBXBuildFile; fileRef = 3BA186E117938B6200CD4A66 /* ApolloFBO.cpp */; };
		3BA1874E17938B6200CD4A66 /* ApolloGL.cpp in Sources */ = {isa = PBXBuildFile; fileRef = 3BA186E317938B6200CD4A66 /* ApolloGL.cpp */; };
		3BA1874F17938B6200CD4A66 /* ApolloShader.cpp in Sources */ = {isa = PBXBuildFile; fileRef = 3BA186E517938B6200CD4A66 /* ApolloShader.cpp */; };
		3BA1875017938B6200CD4A66 /* ApolloTexture.cpp in Sources */ = {isa = PBXBuildFile; fileRef = 3BA186E717938B6200CD4A66 /* ApolloTexture.cpp */; };
		3BA1875117938B6200CD4A66 /* ApolloButton.cpp in Sources */ = {isa = PBXBuildFile; fileRef = 3BA186EA17938B6200CD4A66 /* ApolloButton.cpp */; };
		3BA1875217938B6200CD4A66 /* ApolloSlider.cpp in Sources */ = {isa = PBXBuildFile; fileRef = 3BA186EC17938B6200CD4A66 /* ApolloSlider.cpp */; };
		3BA1875317938B6200CD4A66 /* ApolloToggle.cpp in Sources */ = {isa = PBXBuildFile; fileRef = 3BA186EE17938B6200CD4A66 /* ApolloToggle.cpp */; };
		3BA1875417938B6200CD4A66 /* ApolloMath.cpp in Sources */ = {isa = PBXBuildFile; fileRef = 3BA186F117938B6200CD4A66 /* ApolloMath.cpp */; };
		3BA1875517938B6200CD4A66 /* ApolloTime.cpp in Sources */ = {isa = PBXBuildFile; fileRef = 3BA186F417938B6200CD4A66 /* ApolloTime.cpp */; };
/* End PBXBuildFile section */

/* Begin PBXFileReference section */
		17142FE01745DC3700118FA2 /* BasicApp.mm */ = {isa = PBXFileReference; fileEncoding = 4; lastKnownFileType = sourcecode.cpp.objcpp; name = BasicApp.mm; path = src/BasicApp.mm; sourceTree = "<group>"; };
		17142FE11745DC3700118FA2 /* BasicApp.h */ = {isa = PBXFileReference; fileEncoding = 4; lastKnownFileType = sourcecode.c.h; name = BasicApp.h; path = src/BasicApp.h; sourceTree = "<group>"; };
		17204E12175356A500487AC2 /* ApolloUIView.h */ = {isa = PBXFileReference; fileEncoding = 4; lastKnownFileType = sourcecode.c.h; name = ApolloUIView.h; path = src/ApolloUIView.h; sourceTree = "<group>"; };
		17204E13175356A500487AC2 /* ApolloUIView.mm */ = {isa = PBXFileReference; fileEncoding = 4; lastKnownFileType = sourcecode.cpp.objcpp; name = ApolloUIView.mm; path = src/ApolloUIView.mm; sourceTree = "<group>"; };
		1740659D1745D32500BD877A /* SingleViewApp.app */ = {isa = PBXFileReference; explicitFileType = wrapper.application; includeInIndex = 0; path = SingleViewApp.app; sourceTree = BUILT_PRODUCTS_DIR; };
		174065A01745D32500BD877A /* UIKit.framework */ = {isa = PBXFileReference; lastKnownFileType = wrapper.framework; name = UIKit.framework; path = System/Library/Frameworks/UIKit.framework; sourceTree = SDKROOT; };
		174065A21745D32500BD877A /* Foundation.framework */ = {isa = PBXFileReference; lastKnownFileType = wrapper.framework; name = Foundation.framework; path = System/Library/Frameworks/Foundation.framework; sourceTree = SDKROOT; };
		174065A41745D32500BD877A /* CoreGraphics.framework */ = {isa = PBXFileReference; lastKnownFileType = wrapper.framework; name = CoreGraphics.framework; path = System/Library/Frameworks/CoreGraphics.framework; sourceTree = SDKROOT; };
		174065A81745D32500BD877A /* SingleViewApp-Info.plist */ = {isa = PBXFileReference; lastKnownFileType = text.plist.xml; path = "SingleViewApp-Info.plist"; sourceTree = "<group>"; };
		174065AA1745D32500BD877A /* en */ = {isa = PBXFileReference; lastKnownFileType = text.plist.strings; name = en; path = en.lproj/InfoPlist.strings; sourceTree = "<group>"; };
		174065AC1745D32500BD877A /* main.m */ = {isa = PBXFileReference; lastKnownFileType = sourcecode.c.objc; path = main.m; sourceTree = "<group>"; };
		174065AE1745D32500BD877A /* SingleViewApp-Prefix.pch */ = {isa = PBXFileReference; lastKnownFileType = sourcecode.c.h; path = "SingleViewApp-Prefix.pch"; sourceTree = "<group>"; };
		174065AF1745D32500BD877A /* AppDelegate.h */ = {isa = PBXFileReference; lastKnownFileType = sourcecode.c.h; path = AppDelegate.h; sourceTree = "<group>"; };
		174065B01745D32500BD877A /* AppDelegate.m */ = {isa = PBXFileReference; lastKnownFileType = sourcecode.c.objc; path = AppDelegate.m; sourceTree = "<group>"; };
		174065B21745D32500BD877A /* Default.png */ = {isa = PBXFileReference; lastKnownFileType = image.png; path = Default.png; sourceTree = "<group>"; };
		174065B41745D32500BD877A /* Default@2x.png */ = {isa = PBXFileReference; lastKnownFileType = image.png; path = "Default@2x.png"; sourceTree = "<group>"; };
		174065B61745D32500BD877A /* Default-568h@2x.png */ = {isa = PBXFileReference; lastKnownFileType = image.png; path = "Default-568h@2x.png"; sourceTree = "<group>"; };
		174065B81745D32500BD877A /* ViewController.h */ = {isa = PBXFileReference; lastKnownFileType = sourcecode.c.h; path = ViewController.h; sourceTree = "<group>"; };
		174065B91745D32500BD877A /* ViewController.mm */ = {isa = PBXFileReference; lastKnownFileType = sourcecode.cpp.objcpp; path = ViewController.mm; sourceTree = "<group>"; };
		174065BC1745D32500BD877A /* en */ = {isa = PBXFileReference; lastKnownFileType = file.xib; name = en; path = en.lproj/ViewController_iPhone.xib; sourceTree = "<group>"; };
		174065BF1745D32500BD877A /* en */ = {isa = PBXFileReference; lastKnownFileType = file.xib; name = en; path = en.lproj/ViewController_iPad.xib; sourceTree = "<group>"; };
		3B034E4C17935D7A00922F18 /* OpenGLES.framework */ = {isa = PBXFileReference; lastKnownFileType = wrapper.framework; name = OpenGLES.framework; path = System/Library/Frameworks/OpenGLES.framework; sourceTree = SDKROOT; };
		3B034E4E17935D8600922F18 /* GLKit.framework */ = {isa = PBXFileReference; lastKnownFileType = wrapper.framework; name = GLKit.framework; path = System/Library/Frameworks/GLKit.framework; sourceTree = SDKROOT; };
		3B5C3753178BAD78000D7F4C /* Config.h */ = {isa = PBXFileReference; fileEncoding = 4; lastKnownFileType = sourcecode.c.h; path = Config.h; sourceTree = "<group>"; };
		3BA186C517938B6200CD4A66 /* ApolloTween.h */ = {isa = PBXFileReference; fileEncoding = 4; lastKnownFileType = sourcecode.c.h; path = ApolloTween.h; sourceTree = "<group>"; };
		3BA186C617938B6200CD4A66 /* ApolloTween.mm */ = {isa = PBXFileReference; fileEncoding = 4; lastKnownFileType = sourcecode.cpp.objcpp; path = ApolloTween.mm; sourceTree = "<group>"; };
		3BA186C717938B6200CD4A66 /* ApolloTweenController.h */ = {isa = PBXFileReference; fileEncoding = 4; lastKnownFileType = sourcecode.c.h; path = ApolloTweenController.h; sourceTree = "<group>"; };
		3BA186C817938B6200CD4A66 /* ApolloTweenController.mm */ = {isa = PBXFileReference; fileEncoding = 4; lastKnownFileType = sourcecode.cpp.objcpp; path = ApolloTweenController.mm; sourceTree = "<group>"; };
		3BA186C917938B6200CD4A66 /* Apollo.h */ = {isa = PBXFileReference; fileEncoding = 4; lastKnownFileType = sourcecode.c.h; path = Apollo.h; sourceTree = "<group>"; };
		3BA186CB17938B6200CD4A66 /* ApolloApp.cpp */ = {isa = PBXFileReference; fileEncoding = 4; lastKnownFileType = sourcecode.cpp.cpp; path = ApolloApp.cpp; sourceTree = "<group>"; };
		3BA186CC17938B6200CD4A66 /* ApolloApp.h */ = {isa = PBXFileReference; fileEncoding = 4; lastKnownFileType = sourcecode.c.h; path = ApolloApp.h; sourceTree = "<group>"; };
		3BA186CD17938B6200CD4A66 /* ApolloCocosApp.cpp */ = {isa = PBXFileReference; fileEncoding = 4; lastKnownFileType = sourcecode.cpp.cpp; path = ApolloCocosApp.cpp; sourceTree = "<group>"; };
		3BA186CE17938B6200CD4A66 /* ApolloCocosApp.h */ = {isa = PBXFileReference; fileEncoding = 4; lastKnownFileType = sourcecode.c.h; path = ApolloCocosApp.h; sourceTree = "<group>"; };
		3BA186D017938B6200CD4A66 /* ApolloMask.cpp */ = {isa = PBXFileReference; fileEncoding = 4; lastKnownFileType = sourcecode.cpp.cpp; path = ApolloMask.cpp; sourceTree = "<group>"; };
		3BA186D117938B6200CD4A66 /* ApolloMask.h */ = {isa = PBXFileReference; fileEncoding = 4; lastKnownFileType = sourcecode.c.h; path = ApolloMask.h; sourceTree = "<group>"; };
		3BA186D317938B6200CD4A66 /* ApolloAnimationEnum.h */ = {isa = PBXFileReference; fileEncoding = 4; lastKnownFileType = sourcecode.c.h; path = ApolloAnimationEnum.h; sourceTree = "<group>"; };
		3BA186D417938B6200CD4A66 /* ApolloCore.h */ = {isa = PBXFileReference; fileEncoding = 4; lastKnownFileType = sourcecode.c.h; path = ApolloCore.h; sourceTree = "<group>"; };
		3BA186D517938B6200CD4A66 /* ApolloGLEnum.h */ = {isa = PBXFileReference; fileEncoding = 4; lastKnownFileType = sourcecode.c.h; path = ApolloGLEnum.h; sourceTree = "<group>"; };
		3BA186D617938B6200CD4A66 /* ApolloKeyboardEnum.h */ = {isa = PBXFileReference; fileEncoding = 4; lastKnownFileType = sourcecode.c.h; path = ApolloKeyboardEnum.h; sourceTree = "<group>"; };
		3BA186D817938B6200CD4A66 /* ApolloEvent.cpp */ = {isa = PBXFileReference; fileEncoding = 4; lastKnownFileType = sourcecode.cpp.cpp; path = ApolloEvent.cpp; sourceTree = "<group>"; };
		3BA186D917938B6200CD4A66 /* ApolloEvent.h */ = {isa = PBXFileReference; fileEncoding = 4; lastKnownFileType = sourcecode.c.h; path = ApolloEvent.h; sourceTree = "<group>"; };
		3BA186DA17938B6200CD4A66 /* ApolloEventDispatcher.cpp */ = {isa = PBXFileReference; fileEncoding = 4; lastKnownFileType = sourcecode.cpp.cpp; path = ApolloEventDispatcher.cpp; sourceTree = "<group>"; };
		3BA186DB17938B6200CD4A66 /* ApolloEventDispatcher.h */ = {isa = PBXFileReference; fileEncoding = 4; lastKnownFileType = sourcecode.c.h; path = ApolloEventDispatcher.h; sourceTree = "<group>"; };
		3BA186DC17938B6200CD4A66 /* ApolloOFDispatcher.h */ = {isa = PBXFileReference; fileEncoding = 4; lastKnownFileType = sourcecode.c.h; path = ApolloOFDispatcher.h; sourceTree = "<group>"; };
		3BA186DE17938B6200CD4A66 /* ApolloVec.cpp */ = {isa = PBXFileReference; fileEncoding = 4; lastKnownFileType = sourcecode.cpp.cpp; path = ApolloVec.cpp; sourceTree = "<group>"; };
		3BA186DF17938B6200CD4A66 /* ApolloVec.h */ = {isa = PBXFileReference; fileEncoding = 4; lastKnownFileType = sourcecode.c.h; path = ApolloVec.h; sourceTree = "<group>"; };
		3BA186E117938B6200CD4A66 /* ApolloFBO.cpp */ = {isa = PBXFileReference; fileEncoding = 4; lastKnownFileType = sourcecode.cpp.cpp; path = ApolloFBO.cpp; sourceTree = "<group>"; };
		3BA186E217938B6200CD4A66 /* ApolloFBO.h */ = {isa = PBXFileReference; fileEncoding = 4; lastKnownFileType = sourcecode.c.h; path = ApolloFBO.h; sourceTree = "<group>"; };
		3BA186E317938B6200CD4A66 /* ApolloGL.cpp */ = {isa = PBXFileReference; fileEncoding = 4; lastKnownFileType = sourcecode.cpp.cpp; path = ApolloGL.cpp; sourceTree = "<group>"; };
		3BA186E417938B6200CD4A66 /* ApolloGL.h */ = {isa = PBXFileReference; fileEncoding = 4; lastKnownFileType = sourcecode.c.h; path = ApolloGL.h; sourceTree = "<group>"; };
		3BA186E517938B6200CD4A66 /* ApolloShader.cpp */ = {isa = PBXFileReference; fileEncoding = 4; lastKnownFileType = sourcecode.cpp.cpp; path = ApolloShader.cpp; sourceTree = "<group>"; };
		3BA186E617938B6200CD4A66 /* ApolloShader.h */ = {isa = PBXFileReference; fileEncoding = 4; lastKnownFileType = sourcecode.c.h; path = ApolloShader.h; sourceTree = "<group>"; };
		3BA186E717938B6200CD4A66 /* ApolloTexture.cpp */ = {isa = PBXFileReference; fileEncoding = 4; lastKnownFileType = sourcecode.cpp.cpp; path = ApolloTexture.cpp; sourceTree = "<group>"; };
		3BA186E817938B6200CD4A66 /* ApolloTexture.h */ = {isa = PBXFileReference; fileEncoding = 4; lastKnownFileType = sourcecode.c.h; path = ApolloTexture.h; sourceTree = "<group>"; };
		3BA186EA17938B6200CD4A66 /* ApolloButton.cpp */ = {isa = PBXFileReference; fileEncoding = 4; lastKnownFileType = sourcecode.cpp.cpp; path = ApolloButton.cpp; sourceTree = "<group>"; };
		3BA186EB17938B6200CD4A66 /* ApolloButton.h */ = {isa = PBXFileReference; fileEncoding = 4; lastKnownFileType = sourcecode.c.h; path = ApolloButton.h; sourceTree = "<group>"; };
		3BA186EC17938B6200CD4A66 /* ApolloSlider.cpp */ = {isa = PBXFileReference; fileEncoding = 4; lastKnownFileType = sourcecode.cpp.cpp; path = ApolloSlider.cpp; sourceTree = "<group>"; };
		3BA186ED17938B6200CD4A66 /* ApolloSlider.h */ = {isa = PBXFileReference; fileEncoding = 4; lastKnownFileType = sourcecode.c.h; path = ApolloSlider.h; sourceTree = "<group>"; };
		3BA186EE17938B6200CD4A66 /* ApolloToggle.cpp */ = {isa = PBXFileReference; fileEncoding = 4; lastKnownFileType = sourcecode.cpp.cpp; path = ApolloToggle.cpp; sourceTree = "<group>"; };
		3BA186EF17938B6200CD4A66 /* ApolloToggle.h */ = {isa = PBXFileReference; fileEncoding = 4; lastKnownFileType = sourcecode.c.h; path = ApolloToggle.h; sourceTree = "<group>"; };
		3BA186F117938B6200CD4A66 /* ApolloMath.cpp */ = {isa = PBXFileReference; fileEncoding = 4; lastKnownFileType = sourcecode.cpp.cpp; path = ApolloMath.cpp; sourceTree = "<group>"; };
		3BA186F217938B6200CD4A66 /* ApolloMath.h */ = {isa = PBXFileReference; fileEncoding = 4; lastKnownFileType = sourcecode.c.h; path = ApolloMath.h; sourceTree = "<group>"; };
		3BA186F317938B6200CD4A66 /* ApolloStrings.h */ = {isa = PBXFileReference; fileEncoding = 4; lastKnownFileType = sourcecode.c.h; path = ApolloStrings.h; sourceTree = "<group>"; };
		3BA186F417938B6200CD4A66 /* ApolloTime.cpp */ = {isa = PBXFileReference; fileEncoding = 4; lastKnownFileType = sourcecode.cpp.cpp; path = ApolloTime.cpp; sourceTree = "<group>"; };
		3BA186F517938B6200CD4A66 /* ApolloTime.h */ = {isa = PBXFileReference; fileEncoding = 4; lastKnownFileType = sourcecode.c.h; path = ApolloTime.h; sourceTree = "<group>"; };
/* End PBXFileReference section */

/* Begin PBXFrameworksBuildPhase section */
		1740659A1745D32500BD877A /* Frameworks */ = {
			isa = PBXFrameworksBuildPhase;
			buildActionMask = 2147483647;
			files = (
				3B034E4F17935D8600922F18 /* GLKit.framework in Frameworks */,
				3B034E4D17935D7A00922F18 /* OpenGLES.framework in Frameworks */,
				174065A11745D32500BD877A /* UIKit.framework in Frameworks */,
				174065A31745D32500BD877A /* Foundation.framework in Frameworks */,
				174065A51745D32500BD877A /* CoreGraphics.framework in Frameworks */,
			);
			runOnlyForDeploymentPostprocessing = 0;
		};
/* End PBXFrameworksBuildPhase section */

/* Begin PBXGroup section */
		174065941745D32500BD877A = {
			isa = PBXGroup;
			children = (
				174065A61745D32500BD877A /* SingleViewApp */,
				1740659F1745D32500BD877A /* Frameworks */,
				1740659E1745D32500BD877A /* Products */,
			);
			sourceTree = "<group>";
		};
		1740659E1745D32500BD877A /* Products */ = {
			isa = PBXGroup;
			children = (
				1740659D1745D32500BD877A /* SingleViewApp.app */,
			);
			name = Products;
			sourceTree = "<group>";
		};
		1740659F1745D32500BD877A /* Frameworks */ = {
			isa = PBXGroup;
			children = (
				3B034E4E17935D8600922F18 /* GLKit.framework */,
				3B034E4C17935D7A00922F18 /* OpenGLES.framework */,
				174065A01745D32500BD877A /* UIKit.framework */,
				174065A21745D32500BD877A /* Foundation.framework */,
				174065A41745D32500BD877A /* CoreGraphics.framework */,
			);
			name = Frameworks;
			sourceTree = "<group>";
		};
		174065A61745D32500BD877A /* SingleViewApp */ = {
			isa = PBXGroup;
			children = (
				3B5C3753178BAD78000D7F4C /* Config.h */,
				174065AF1745D32500BD877A /* AppDelegate.h */,
				174065B01745D32500BD877A /* AppDelegate.m */,
				174065B81745D32500BD877A /* ViewController.h */,
				174065B91745D32500BD877A /* ViewController.mm */,
				17142FE11745DC3700118FA2 /* BasicApp.h */,
				17142FE01745DC3700118FA2 /* BasicApp.mm */,
				17204E12175356A500487AC2 /* ApolloUIView.h */,
				17204E13175356A500487AC2 /* ApolloUIView.mm */,
				174065BB1745D32500BD877A /* ViewController_iPhone.xib */,
				174065BE1745D32500BD877A /* ViewController_iPad.xib */,
				3BA1863617938B6200CD4A66 /* Apollo */,
				174065A71745D32500BD877A /* Supporting Files */,
			);
			path = SingleViewApp;
			sourceTree = "<group>";
		};
		174065A71745D32500BD877A /* Supporting Files */ = {
			isa = PBXGroup;
			children = (
				174065A81745D32500BD877A /* SingleViewApp-Info.plist */,
				174065A91745D32500BD877A /* InfoPlist.strings */,
				174065AC1745D32500BD877A /* main.m */,
				174065AE1745D32500BD877A /* SingleViewApp-Prefix.pch */,
				174065B21745D32500BD877A /* Default.png */,
				174065B41745D32500BD877A /* Default@2x.png */,
				174065B61745D32500BD877A /* Default-568h@2x.png */,
			);
			name = "Supporting Files";
			sourceTree = "<group>";
		};
		3BA1863617938B6200CD4A66 /* Apollo */ = {
			isa = PBXGroup;
			children = (
				3BA186C317938B6200CD4A66 /* src */,
			);
			name = Apollo;
			path = ../../..;
			sourceTree = "<group>";
		};
		3BA186C317938B6200CD4A66 /* src */ = {
			isa = PBXGroup;
			children = (
				3BA186C417938B6200CD4A66 /* animation */,
				3BA186C917938B6200CD4A66 /* Apollo.h */,
				3BA186CA17938B6200CD4A66 /* core */,
				3BA186CF17938B6200CD4A66 /* display */,
				3BA186D217938B6200CD4A66 /* enums */,
				3BA186D717938B6200CD4A66 /* events */,
				3BA186DD17938B6200CD4A66 /* geom */,
				3BA186E017938B6200CD4A66 /* gl */,
				3BA186E917938B6200CD4A66 /* ui */,
				3BA186F017938B6200CD4A66 /* utils */,
			);
			path = src;
			sourceTree = "<group>";
		};
		3BA186C417938B6200CD4A66 /* animation */ = {
			isa = PBXGroup;
			children = (
				3BA186C517938B6200CD4A66 /* ApolloTween.h */,
				3BA186C617938B6200CD4A66 /* ApolloTween.mm */,
				3BA186C717938B6200CD4A66 /* ApolloTweenController.h */,
				3BA186C817938B6200CD4A66 /* ApolloTweenController.mm */,
			);
			path = animation;
			sourceTree = "<group>";
		};
		3BA186CA17938B6200CD4A66 /* core */ = {
			isa = PBXGroup;
			children = (
				3BA186CB17938B6200CD4A66 /* ApolloApp.cpp */,
				3BA186CC17938B6200CD4A66 /* ApolloApp.h */,
				3BA186CD17938B6200CD4A66 /* ApolloCocosApp.cpp */,
				3BA186CE17938B6200CD4A66 /* ApolloCocosApp.h */,
			);
			path = core;
			sourceTree = "<group>";
		};
		3BA186CF17938B6200CD4A66 /* display */ = {
			isa = PBXGroup;
			children = (
				3BA186D017938B6200CD4A66 /* ApolloMask.cpp */,
				3BA186D117938B6200CD4A66 /* ApolloMask.h */,
			);
			path = display;
			sourceTree = "<group>";
		};
		3BA186D217938B6200CD4A66 /* enums */ = {
			isa = PBXGroup;
			children = (
				3BA186D317938B6200CD4A66 /* ApolloAnimationEnum.h */,
				3BA186D417938B6200CD4A66 /* ApolloCore.h */,
				3BA186D517938B6200CD4A66 /* ApolloGLEnum.h */,
				3BA186D617938B6200CD4A66 /* ApolloKeyboardEnum.h */,
			);
			path = enums;
			sourceTree = "<group>";
		};
		3BA186D717938B6200CD4A66 /* events */ = {
			isa = PBXGroup;
			children = (
				3BA186D817938B6200CD4A66 /* ApolloEvent.cpp */,
				3BA186D917938B6200CD4A66 /* ApolloEvent.h */,
				3BA186DA17938B6200CD4A66 /* ApolloEventDispatcher.cpp */,
				3BA186DB17938B6200CD4A66 /* ApolloEventDispatcher.h */,
				3BA186DC17938B6200CD4A66 /* ApolloOFDispatcher.h */,
			);
			path = events;
			sourceTree = "<group>";
		};
		3BA186DD17938B6200CD4A66 /* geom */ = {
			isa = PBXGroup;
			children = (
				3BA186DE17938B6200CD4A66 /* ApolloVec.cpp */,
				3BA186DF17938B6200CD4A66 /* ApolloVec.h */,
			);
			path = geom;
			sourceTree = "<group>";
		};
		3BA186E017938B6200CD4A66 /* gl */ = {
			isa = PBXGroup;
			children = (
				3BA186E117938B6200CD4A66 /* ApolloFBO.cpp */,
				3BA186E217938B6200CD4A66 /* ApolloFBO.h */,
				3BA186E317938B6200CD4A66 /* ApolloGL.cpp */,
				3BA186E417938B6200CD4A66 /* ApolloGL.h */,
				3BA186E517938B6200CD4A66 /* ApolloShader.cpp */,
				3BA186E617938B6200CD4A66 /* ApolloShader.h */,
				3BA186E717938B6200CD4A66 /* ApolloTexture.cpp */,
				3BA186E817938B6200CD4A66 /* ApolloTexture.h */,
			);
			path = gl;
			sourceTree = "<group>";
		};
		3BA186E917938B6200CD4A66 /* ui */ = {
			isa = PBXGroup;
			children = (
				3BA186EA17938B6200CD4A66 /* ApolloButton.cpp */,
				3BA186EB17938B6200CD4A66 /* ApolloButton.h */,
				3BA186EC17938B6200CD4A66 /* ApolloSlider.cpp */,
				3BA186ED17938B6200CD4A66 /* ApolloSlider.h */,
				3BA186EE17938B6200CD4A66 /* ApolloToggle.cpp */,
				3BA186EF17938B6200CD4A66 /* ApolloToggle.h */,
			);
			path = ui;
			sourceTree = "<group>";
		};
		3BA186F017938B6200CD4A66 /* utils */ = {
			isa = PBXGroup;
			children = (
				3BA186F117938B6200CD4A66 /* ApolloMath.cpp */,
				3BA186F217938B6200CD4A66 /* ApolloMath.h */,
				3BA186F317938B6200CD4A66 /* ApolloStrings.h */,
				3BA186F417938B6200CD4A66 /* ApolloTime.cpp */,
				3BA186F517938B6200CD4A66 /* ApolloTime.h */,
			);
			path = utils;
			sourceTree = "<group>";
		};
/* End PBXGroup section */

/* Begin PBXNativeTarget section */
		1740659C1745D32500BD877A /* SingleViewApp */ = {
			isa = PBXNativeTarget;
			buildConfigurationList = 174065C31745D32500BD877A /* Build configuration list for PBXNativeTarget "SingleViewApp" */;
			buildPhases = (
				174065991745D32500BD877A /* Sources */,
				1740659A1745D32500BD877A /* Frameworks */,
				1740659B1745D32500BD877A /* Resources */,
			);
			buildRules = (
			);
			dependencies = (
			);
			name = SingleViewApp;
			productName = SingleViewApp;
			productReference = 1740659D1745D32500BD877A /* SingleViewApp.app */;
			productType = "com.apple.product-type.application";
		};
/* End PBXNativeTarget section */

/* Begin PBXProject section */
		174065951745D32500BD877A /* Project object */ = {
			isa = PBXProject;
			attributes = {
				LastUpgradeCheck = 0460;
				ORGANIZATIONNAME = "Tomorrow Evening";
			};
			buildConfigurationList = 174065981745D32500BD877A /* Build configuration list for PBXProject "SingleViewApp" */;
			compatibilityVersion = "Xcode 3.2";
			developmentRegion = English;
			hasScannedForEncodings = 0;
			knownRegions = (
				en,
			);
			mainGroup = 174065941745D32500BD877A;
			productRefGroup = 1740659E1745D32500BD877A /* Products */;
			projectDirPath = "";
			projectRoot = "";
			targets = (
				1740659C1745D32500BD877A /* SingleViewApp */,
			);
		};
/* End PBXProject section */

/* Begin PBXResourcesBuildPhase section */
		1740659B1745D32500BD877A /* Resources */ = {
			isa = PBXResourcesBuildPhase;
			buildActionMask = 2147483647;
			files = (
				174065AB1745D32500BD877A /* InfoPlist.strings in Resources */,
				174065B31745D32500BD877A /* Default.png in Resources */,
				174065B51745D32500BD877A /* Default@2x.png in Resources */,
				174065B71745D32500BD877A /* Default-568h@2x.png in Resources */,
				174065BD1745D32500BD877A /* ViewController_iPhone.xib in Resources */,
				174065C01745D32500BD877A /* ViewController_iPad.xib in Resources */,
			);
			runOnlyForDeploymentPostprocessing = 0;
		};
/* End PBXResourcesBuildPhase section */

/* Begin PBXSourcesBuildPhase section */
		174065991745D32500BD877A /* Sources */ = {
			isa = PBXSourcesBuildPhase;
			buildActionMask = 2147483647;
			files = (
				174065AD1745D32500BD877A /* main.m in Sources */,
				174065B11745D32500BD877A /* AppDelegate.m in Sources */,
				174065BA1745D32500BD877A /* ViewController.mm in Sources */,
				17142FE21745DC3700118FA2 /* BasicApp.mm in Sources */,
				17204E14175356A600487AC2 /* ApolloUIView.mm in Sources */,
				3BA1874517938B6200CD4A66 /* ApolloTween.mm in Sources */,
				3BA1874617938B6200CD4A66 /* ApolloTweenController.mm in Sources */,
				3BA1874717938B6200CD4A66 /* ApolloApp.cpp in Sources */,
				3BA1874817938B6200CD4A66 /* ApolloCocosApp.cpp in Sources */,
				3BA1874917938B6200CD4A66 /* ApolloMask.cpp in Sources */,
				3BA1874A17938B6200CD4A66 /* ApolloEvent.cpp in Sources */,
				3BA1874B17938B6200CD4A66 /* ApolloEventDispatcher.cpp in Sources */,
				3BA1874C17938B6200CD4A66 /* ApolloVec.cpp in Sources */,
				3BA1874D17938B6200CD4A66 /* ApolloFBO.cpp in Sources */,
				3BA1874E17938B6200CD4A66 /* ApolloGL.cpp in Sources */,
				3BA1874F17938B6200CD4A66 /* ApolloShader.cpp in Sources */,
				3BA1875017938B6200CD4A66 /* ApolloTexture.cpp in Sources */,
				3BA1875117938B6200CD4A66 /* ApolloButton.cpp in Sources */,
				3BA1875217938B6200CD4A66 /* ApolloSlider.cpp in Sources */,
				3BA1875317938B6200CD4A66 /* ApolloToggle.cpp in Sources */,
				3BA1875417938B6200CD4A66 /* ApolloMath.cpp in Sources */,
				3BA1875517938B6200CD4A66 /* ApolloTime.cpp in Sources */,
			);
			runOnlyForDeploymentPostprocessing = 0;
		};
/* End PBXSourcesBuildPhase section */

/* Begin PBXVariantGroup section */
		174065A91745D32500BD877A /* InfoPlist.strings */ = {
			isa = PBXVariantGroup;
			children = (
				174065AA1745D32500BD877A /* en */,
			);
			name = InfoPlist.strings;
			sourceTree = "<group>";
		};
		174065BB1745D32500BD877A /* ViewController_iPhone.xib */ = {
			isa = PBXVariantGroup;
			children = (
				174065BC1745D32500BD877A /* en */,
			);
			name = ViewController_iPhone.xib;
			sourceTree = "<group>";
		};
		174065BE1745D32500BD877A /* ViewController_iPad.xib */ = {
			isa = PBXVariantGroup;
			children = (
				174065BF1745D32500BD877A /* en */,
			);
			name = ViewController_iPad.xib;
			sourceTree = "<group>";
		};
/* End PBXVariantGroup section */

/* Begin XCBuildConfiguration section */
		174065C11745D32500BD877A /* Debug */ = {
			isa = XCBuildConfiguration;
			buildSettings = {
				ALWAYS_SEARCH_USER_PATHS = NO;
				CLANG_CXX_LANGUAGE_STANDARD = "gnu++0x";
				CLANG_CXX_LIBRARY = "libc++";
				CLANG_WARN_CONSTANT_CONVERSION = YES;
				CLANG_WARN_EMPTY_BODY = YES;
				CLANG_WARN_ENUM_CONVERSION = YES;
				CLANG_WARN_INT_CONVERSION = YES;
				CLANG_WARN__DUPLICATE_METHOD_MATCH = YES;
				"CODE_SIGN_IDENTITY[sdk=iphoneos*]" = "iPhone Developer";
				COPY_PHASE_STRIP = NO;
				GCC_C_LANGUAGE_STANDARD = gnu99;
				GCC_DYNAMIC_NO_PIC = NO;
				GCC_OPTIMIZATION_LEVEL = 0;
				GCC_PREPROCESSOR_DEFINITIONS = (
					"DEBUG=1",
					"$(inherited)",
				);
				GCC_SYMBOLS_PRIVATE_EXTERN = NO;
				GCC_WARN_ABOUT_RETURN_TYPE = YES;
				GCC_WARN_UNINITIALIZED_AUTOS = YES;
				GCC_WARN_UNUSED_VARIABLE = YES;
				IPHONEOS_DEPLOYMENT_TARGET = 6.1;
				ONLY_ACTIVE_ARCH = YES;
				SDKROOT = iphoneos;
				TARGETED_DEVICE_FAMILY = "1,2";
			};
			name = Debug;
		};
		174065C21745D32500BD877A /* Release */ = {
			isa = XCBuildConfiguration;
			buildSettings = {
				ALWAYS_SEARCH_USER_PATHS = NO;
				CLANG_CXX_LANGUAGE_STANDARD = "gnu++0x";
				CLANG_CXX_LIBRARY = "libc++";
				CLANG_WARN_CONSTANT_CONVERSION = YES;
				CLANG_WARN_EMPTY_BODY = YES;
				CLANG_WARN_ENUM_CONVERSION = YES;
				CLANG_WARN_INT_CONVERSION = YES;
				CLANG_WARN__DUPLICATE_METHOD_MATCH = YES;
				"CODE_SIGN_IDENTITY[sdk=iphoneos*]" = "iPhone Developer";
				COPY_PHASE_STRIP = YES;
				GCC_C_LANGUAGE_STANDARD = gnu99;
				GCC_WARN_ABOUT_RETURN_TYPE = YES;
				GCC_WARN_UNINITIALIZED_AUTOS = YES;
				GCC_WARN_UNUSED_VARIABLE = YES;
				IPHONEOS_DEPLOYMENT_TARGET = 6.1;
				OTHER_CFLAGS = "-DNS_BLOCK_ASSERTIONS=1";
				SDKROOT = iphoneos;
				TARGETED_DEVICE_FAMILY = "1,2";
				VALIDATE_PRODUCT = YES;
			};
			name = Release;
		};
		174065C41745D32500BD877A /* Debug */ = {
			isa = XCBuildConfiguration;
			buildSettings = {
				GCC_PRECOMPILE_PREFIX_HEADER = YES;
				GCC_PREFIX_HEADER = "SingleViewApp/SingleViewApp-Prefix.pch";
				INFOPLIST_FILE = "SingleViewApp/SingleViewApp-Info.plist";
				PRODUCT_NAME = "$(TARGET_NAME)";
				WRAPPER_EXTENSION = app;
			};
			name = Debug;
		};
		174065C51745D32500BD877A /* Release */ = {
			isa = XCBuildConfiguration;
			buildSettings = {
				GCC_PRECOMPILE_PREFIX_HEADER = YES;
				GCC_PREFIX_HEADER = "SingleViewApp/SingleViewApp-Prefix.pch";
				INFOPLIST_FILE = "SingleViewApp/SingleViewApp-Info.plist";
				PRODUCT_NAME = "$(TARGET_NAME)";
				WRAPPER_EXTENSION = app;
			};
			name = Release;
		};
/* End XCBuildConfiguration section */

/* Begin XCConfigurationList section */
		174065981745D32500BD877A /* Build configuration list for PBXProject "SingleViewApp" */ = {
			isa = XCConfigurationList;
			buildConfigurations = (
				174065C11745D32500BD877A /* Debug */,
				174065C21745D32500BD877A /* Release */,
			);
			defaultConfigurationIsVisible = 0;
			defaultConfigurationName = Release;
		};
		174065C31745D32500BD877A /* Build configuration list for PBXNativeTarget "SingleViewApp" */ = {
			isa = XCConfigurationList;
			buildConfigurations = (
				174065C41745D32500BD877A /* Debug */,
				174065C51745D32500BD877A /* Release */,
			);
			defaultConfigurationIsVisible = 0;
			defaultConfigurationName = Release;
		};
/* End XCConfigurationList section */
	};
	rootObject = 174065951745D32500BD877A /* Project object */;
}
